{
  "object": {
    "pins": [
      {
        "package": "MatrixKit",
        "repositoryURL": "https://github.com/ArMuSebastian/MatrixKit",
        "state": {
          "branch": "master",
          "revision": "311864f4b3082d4e7e7afcf1d2ff6ba70207fe50",
          "version": null
        }
      }
    ]
  },
  "version": 1
}
